// !$*UTF8*$!
{
	archiveVersion = 1;
	classes = {
	};
	objectVersion = 48;
	objects = {

/* Begin PBXBuildFile section */
		10FB307C1FC48626008B5E55 /* BNRAppDelegate.m in Sources */ = {isa = PBXBuildFile; fileRef = 10FB307B1FC48626008B5E55 /* BNRAppDelegate.m */; };
		10FB30841FC48626008B5E55 /* Assets.xcassets in Resources */ = {isa = PBXBuildFile; fileRef = 10FB30831FC48626008B5E55 /* Assets.xcassets */; };
		10FB308A1FC48626008B5E55 /* main.m in Sources */ = {isa = PBXBuildFile; fileRef = 10FB30891FC48626008B5E55 /* main.m */; };
		10FB30921FC48749008B5E55 /* BNRHypnosisView.m in Sources */ = {isa = PBXBuildFile; fileRef = 10FB30911FC48749008B5E55 /* BNRHypnosisView.m */; };
		10FB30951FC49204008B5E55 /* logo.png in Resources */ = {isa = PBXBuildFile; fileRef = 10FB30941FC49204008B5E55 /* logo.png */; };
/* End PBXBuildFile section */

/* Begin PBXFileReference section */
		10FB30771FC48626008B5E55 /* Hypnosister-Challenge.app */ = {isa = PBXFileReference; explicitFileType = wrapper.application; includeInIndex = 0; path = "Hypnosister-Challenge.app"; sourceTree = BUILT_PRODUCTS_DIR; };
		10FB307A1FC48626008B5E55 /* BNRAppDelegate.h */ = {isa = PBXFileReference; lastKnownFileType = sourcecode.c.h; path = BNRAppDelegate.h; sourceTree = "<group>"; };
		10FB307B1FC48626008B5E55 /* BNRAppDelegate.m */ = {isa = PBXFileReference; lastKnownFileType = sourcecode.c.objc; path = BNRAppDelegate.m; sourceTree = "<group>"; };
		10FB30831FC48626008B5E55 /* Assets.xcassets */ = {isa = PBXFileReference; lastKnownFileType = folder.assetcatalog; path = Assets.xcassets; sourceTree = "<group>"; };
		10FB30881FC48626008B5E55 /* Info.plist */ = {isa = PBXFileReference; lastKnownFileType = text.plist.xml; path = Info.plist; sourceTree = "<group>"; };
		10FB30891FC48626008B5E55 /* main.m */ = {isa = PBXFileReference; lastKnownFileType = sourcecode.c.objc; path = main.m; sourceTree = "<group>"; };
		10FB30901FC48749008B5E55 /* BNRHypnosisView.h */ = {isa = PBXFileReference; lastKnownFileType = sourcecode.c.h; path = BNRHypnosisView.h; sourceTree = "<group>"; };
		10FB30911FC48749008B5E55 /* BNRHypnosisView.m */ = {isa = PBXFileReference; lastKnownFileType = sourcecode.c.objc; path = BNRHypnosisView.m; sourceTree = "<group>"; };
		10FB30941FC49204008B5E55 /* logo.png */ = {isa = PBXFileReference; lastKnownFileType = image.png; path = logo.png; sourceTree = "<group>"; };
/* End PBXFileReference section */

/* Begin PBXFrameworksBuildPhase section */
		10FB30741FC48626008B5E55 /* Frameworks */ = {
			isa = PBXFrameworksBuildPhase;
			buildActionMask = 2147483647;
			files = (
			);
			runOnlyForDeploymentPostprocessing = 0;
		};
/* End PBXFrameworksBuildPhase section */

/* Begin PBXGroup section */
		10FB306E1FC48626008B5E55 = {
			isa = PBXGroup;
			children = (
				10FB30791FC48626008B5E55 /* Hypnosister-Challenge */,
				10FB30781FC48626008B5E55 /* Products */,
			);
			sourceTree = "<group>";
		};
		10FB30781FC48626008B5E55 /* Products */ = {
			isa = PBXGroup;
			children = (
				10FB30771FC48626008B5E55 /* Hypnosister-Challenge.app */,
			);
			name = Products;
			sourceTree = "<group>";
		};
		10FB30791FC48626008B5E55 /* Hypnosister-Challenge */ = {
			isa = PBXGroup;
			children = (
				10FB30931FC48770008B5E55 /* Supporting Files */,
				10FB30831FC48626008B5E55 /* Assets.xcassets */,
				10FB307A1FC48626008B5E55 /* BNRAppDelegate.h */,
				10FB307B1FC48626008B5E55 /* BNRAppDelegate.m */,
				10FB30901FC48749008B5E55 /* BNRHypnosisView.h */,
				10FB30911FC48749008B5E55 /* BNRHypnosisView.m */,
			);
			path = "Hypnosister-Challenge";
			sourceTree = "<group>";
		};
		10FB30931FC48770008B5E55 /* Supporting Files */ = {
			isa = PBXGroup;
			children = (
				10FB30941FC49204008B5E55 /* logo.png */,
				10FB30881FC48626008B5E55 /* Info.plist */,
				10FB30891FC48626008B5E55 /* main.m */,
			);
			name = "Supporting Files";
			sourceTree = "<group>";
		};
/* End PBXGroup section */

/* Begin PBXNativeTarget section */
		10FB30761FC48626008B5E55 /* Hypnosister-Challenge */ = {
			isa = PBXNativeTarget;
			buildConfigurationList = 10FB308D1FC48626008B5E55 /* Build configuration list for PBXNativeTarget "Hypnosister-Challenge" */;
			buildPhases = (
				10FB30731FC48626008B5E55 /* Sources */,
				10FB30741FC48626008B5E55 /* Frameworks */,
				10FB30751FC48626008B5E55 /* Resources */,
			);
			buildRules = (
			);
			dependencies = (
			);
			name = "Hypnosister-Challenge";
			productName = Hypnosister;
			productReference = 10FB30771FC48626008B5E55 /* Hypnosister-Challenge.app */;
			productType = "com.apple.product-type.application";
		};
/* End PBXNativeTarget section */

/* Begin PBXProject section */
		10FB306F1FC48626008B5E55 /* Project object */ = {
			isa = PBXProject;
			attributes = {
				LastUpgradeCheck = 0910;
				ORGANIZATIONNAME = "Lieu Vu";
				TargetAttributes = {
					10FB30761FC48626008B5E55 = {
						CreatedOnToolsVersion = 9.1;
						ProvisioningStyle = Automatic;
					};
				};
			};
			buildConfigurationList = 10FB30721FC48626008B5E55 /* Build configuration list for PBXProject "Hypnosister-Challenge" */;
			compatibilityVersion = "Xcode 8.0";
			developmentRegion = en;
			hasScannedForEncodings = 0;
			knownRegions = (
				en,
				Base,
			);
			mainGroup = 10FB306E1FC48626008B5E55;
			productRefGroup = 10FB30781FC48626008B5E55 /* Products */;
			projectDirPath = "";
			projectRoot = "";
			targets = (
				10FB30761FC48626008B5E55 /* Hypnosister-Challenge */,
			);
		};
/* End PBXProject section */

/* Begin PBXResourcesBuildPhase section */
		10FB30751FC48626008B5E55 /* Resources */ = {
			isa = PBXResourcesBuildPhase;
			buildActionMask = 2147483647;
			files = (
				10FB30951FC49204008B5E55 /* logo.png in Resources */,
				10FB30841FC48626008B5E55 /* Assets.xcassets in Resources */,
			);
			runOnlyForDeploymentPostprocessing = 0;
		};
/* End PBXResourcesBuildPhase section */

/* Begin PBXSourcesBuildPhase section */
		10FB30731FC48626008B5E55 /* Sources */ = {
			isa = PBXSourcesBuildPhase;
			buildActionMask = 2147483647;
			files = (
				10FB308A1FC48626008B5E55 /* main.m in Sources */,
				10FB30921FC48749008B5E55 /* BNRHypnosisView.m in Sources */,
				10FB307C1FC48626008B5E55 /* BNRAppDelegate.m in Sources */,
			);
			runOnlyForDeploymentPostprocessing = 0;
		};
/* End PBXSourcesBuildPhase section */

/* Begin XCBuildConfiguration section */
		10FB308B1FC48626008B5E55 /* Debug */ = {
			isa = XCBuildConfiguration;
			buildSettings = {
				ALWAYS_SEARCH_USER_PATHS = NO;
				CLANG_ANALYZER_NONNULL = YES;
				CLANG_ANALYZER_NUMBER_OBJECT_CONVERSION = YES_AGGRESSIVE;
				CLANG_CXX_LANGUAGE_STANDARD = "gnu++14";
				CLANG_CXX_LIBRARY = "libc++";
				CLANG_ENABLE_MODULES = YES;
				CLANG_ENABLE_OBJC_ARC = YES;
				CLANG_WARN_BLOCK_CAPTURE_AUTORELEASING = YES;
				CLANG_WARN_BOOL_CONVERSION = YES;
				CLANG_WARN_COMMA = YES;
				CLANG_WARN_CONSTANT_CONVERSION = YES;
				CLANG_WARN_DIRECT_OBJC_ISA_USAGE = YES_ERROR;
				CLANG_WARN_DOCUMENTATION_COMMENTS = YES;
				CLANG_WARN_EMPTY_BODY = YES;
				CLANG_WARN_ENUM_CONVERSION = YES;
				CLANG_WARN_INFINITE_RECURSION = YES;
				CLANG_WARN_INT_CONVERSION = YES;
				CLANG_WARN_NON_LITERAL_NULL_CONVERSION = YES;
				CLANG_WARN_OBJC_LITERAL_CONVERSION = YES;
				CLANG_WARN_OBJC_ROOT_CLASS = YES_ERROR;
				CLANG_WARN_RANGE_LOOP_ANALYSIS = YES;
				CLANG_WARN_STRICT_PROTOTYPES = YES;
				CLANG_WARN_SUSPICIOUS_MOVE = YES;
				CLANG_WARN_UNGUARDED_AVAILABILITY = YES_AGGRESSIVE;
				CLANG_WARN_UNREACHABLE_CODE = YES;
				CLANG_WARN__DUPLICATE_METHOD_MATCH = YES;
				CODE_SIGN_IDENTITY = "iPhone Developer";
				COPY_PHASE_STRIP = NO;
				DEBUG_INFORMATION_FORMAT = dwarf;
				ENABLE_STRICT_OBJC_MSGSEND = YES;
				ENABLE_TESTABILITY = YES;
				GCC_C_LANGUAGE_STANDARD = gnu11;
				GCC_DYNAMIC_NO_PIC = NO;
				GCC_NO_COMMON_BLOCKS = YES;
				GCC_OPTIMIZATION_LEVEL = 0;
				GCC_PREPROCESSOR_DEFINITIONS = (
					"DEBUG=1",
					"$(inherited)",
				);
				GCC_WARN_64_TO_32_BIT_CONVERSION = YES;
				GCC_WARN_ABOUT_RETURN_TYPE = YES_ERROR;
				GCC_WARN_UNDECLARED_SELECTOR = YES;
				GCC_WARN_UNINITIALIZED_AUTOS = YES_AGGRESSIVE;
				GCC_WARN_UNUSED_FUNCTION = YES;
				GCC_WARN_UNUSED_VARIABLE = YES;
				IPHONEOS_DEPLOYMENT_TARGET = 10.3;
				MTL_ENABLE_DEBUG_INFO = YES;
				ONLY_ACTIVE_ARCH = YES;
				SDKROOT = iphoneos;
			};
			name = Debug;
		};
		10FB308C1FC48626008B5E55 /* Release */ = {
			isa = XCBuildConfiguration;
			buildSettings = {
				ALWAYS_SEARCH_USER_PATHS = NO;
				CLANG_ANALYZER_NONNULL = YES;
				CLANG_ANALYZER_NUMBER_OBJECT_CONVERSION = YES_AGGRESSIVE;
				CLANG_CXX_LANGUAGE_STANDARD = "gnu++14";
				CLANG_CXX_LIBRARY = "libc++";
				CLANG_ENABLE_MODULES = YES;
				CLANG_ENABLE_OBJC_ARC = YES;
				CLANG_WARN_BLOCK_CAPTURE_AUTORELEASING = YES;
				CLANG_WARN_BOOL_CONVERSION = YES;
				CLANG_WARN_COMMA = YES;
				CLANG_WARN_CONSTANT_CONVERSION = YES;
				CLANG_WARN_DIRECT_OBJC_ISA_USAGE = YES_ERROR;
				CLANG_WARN_DOCUMENTATION_COMMENTS = YES;
				CLANG_WARN_EMPTY_BODY = YES;
				CLANG_WARN_ENUM_CONVERSION = YES;
				CLANG_WARN_INFINITE_RECURSION = YES;
				CLANG_WARN_INT_CONVERSION = YES;
				CLANG_WARN_NON_LITERAL_NULL_CONVERSION = YES;
				CLANG_WARN_OBJC_LITERAL_CONVERSION = YES;
				CLANG_WARN_OBJC_ROOT_CLASS = YES_ERROR;
				CLANG_WARN_RANGE_LOOP_ANALYSIS = YES;
				CLANG_WARN_STRICT_PROTOTYPES = YES;
				CLANG_WARN_SUSPICIOUS_MOVE = YES;
				CLANG_WARN_UNGUARDED_AVAILABILITY = YES_AGGRESSIVE;
				CLANG_WARN_UNREACHABLE_CODE = YES;
				CLANG_WARN__DUPLICATE_METHOD_MATCH = YES;
				CODE_SIGN_IDENTITY = "iPhone Developer";
				COPY_PHASE_STRIP = NO;
				DEBUG_INFORMATION_FORMAT = "dwarf-with-dsym";
				ENABLE_NS_ASSERTIONS = NO;
				ENABLE_STRICT_OBJC_MSGSEND = YES;
				GCC_C_LANGUAGE_STANDARD = gnu11;
				GCC_NO_COMMON_BLOCKS = YES;
				GCC_WARN_64_TO_32_BIT_CONVERSION = YES;
				GCC_WARN_ABOUT_RETURN_TYPE = YES_ERROR;
				GCC_WARN_UNDECLARED_SELECTOR = YES;
				GCC_WARN_UNINITIALIZED_AUTOS = YES_AGGRESSIVE;
				GCC_WARN_UNUSED_FUNCTION = YES;
				GCC_WARN_UNUSED_VARIABLE = YES;
				IPHONEOS_DEPLOYMENT_TARGET = 10.3;
				MTL_ENABLE_DEBUG_INFO = NO;
				SDKROOT = iphoneos;
				VALIDATE_PRODUCT = YES;
			};
			name = Release;
		};
		10FB308E1FC48626008B5E55 /* Debug */ = {
			isa = XCBuildConfiguration;
			buildSettings = {
				ASSETCATALOG_COMPILER_APPICON_NAME = AppIcon;
				CODE_SIGN_STYLE = Automatic;
				DEVELOPMENT_TEAM = Z6PY3VJJ8B;
				INFOPLIST_FILE = "$(SRCROOT)/Hypnosister-Challenge/Info.plist";
				IPHONEOS_DEPLOYMENT_TARGET = 10.3;
				LD_RUNPATH_SEARCH_PATHS = "$(inherited) @executable_path/Frameworks";
				PRODUCT_BUNDLE_IDENTIFIER = com.lieuvu.Hypnosister;
				PRODUCT_NAME = "$(TARGET_NAME)";
				TARGETED_DEVICE_FAMILY = 1;
			};
			name = Debug;
		};
		10FB308F1FC48626008B5E55 /* Release */ = {
			isa = XCBuildConfiguration;
			buildSettings = {
				ASSETCATALOG_COMPILER_APPICON_NAME = AppIcon;
				CODE_SIGN_STYLE = Automatic;
				DEVELOPMENT_TEAM = Z6PY3VJJ8B;
				INFOPLIST_FILE = "$(SRCROOT)/Hypnosister-Challenge/Info.plist";
				IPHONEOS_DEPLOYMENT_TARGET = 10.3;
				LD_RUNPATH_SEARCH_PATHS = "$(inherited) @executable_path/Frameworks";
				PRODUCT_BUNDLE_IDENTIFIER = com.lieuvu.Hypnosister;
				PRODUCT_NAME = "$(TARGET_NAME)";
				TARGETED_DEVICE_FAMILY = 1;
			};
			name = Release;
		};
/* End XCBuildConfiguration section */

/* Begin XCConfigurationList section */
		10FB30721FC48626008B5E55 /* Build configuration list for PBXProject "Hypnosister-Challenge" */ = {
			isa = XCConfigurationList;
			buildConfigurations = (
				10FB308B1FC48626008B5E55 /* Debug */,
				10FB308C1FC48626008B5E55 /* Release */,
			);
			defaultConfigurationIsVisible = 0;
			defaultConfigurationName = Release;
		};
		10FB308D1FC48626008B5E55 /* Build configuration list for PBXNativeTarget "Hypnosister-Challenge" */ = {
			isa = XCConfigurationList;
			buildConfigurations = (
				10FB308E1FC48626008B5E55 /* Debug */,
				10FB308F1FC48626008B5E55 /* Release */,
			);
			defaultConfigurationIsVisible = 0;
			defaultConfigurationName = Release;
		};
/* End XCConfigurationList section */
	};
	rootObject = 10FB306F1FC48626008B5E55 /* Project object */;
}
