// !$*UTF8*$!
{
	archiveVersion = 1;
	classes = {
	};
	objectVersion = 48;
	objects = {

/* Begin PBXBuildFile section */
		101183CA1FD0810600A14C3C /* BNRImageStore.m in Sources */ = {isa = PBXBuildFile; fileRef = 101183C91FD0810600A14C3C /* BNRImageStore.m */; };
		101FE18E1FE58AC200D4F3D4 /* BNRDetailViewController.xib in Resources */ = {isa = PBXBuildFile; fileRef = 101FE1901FE58AC200D4F3D4 /* BNRDetailViewController.xib */; };
		101FE1941FE5AC3400D4F3D4 /* Localizable.strings in Resources */ = {isa = PBXBuildFile; fileRef = 101FE1961FE5AC3400D4F3D4 /* Localizable.strings */; };
		10532C6E1FDAC7A500F18715 /* BNRImageViewController.m in Sources */ = {isa = PBXBuildFile; fileRef = 10532C6D1FDAC7A500F18715 /* BNRImageViewController.m */; };
		10571C791FE19A6D00D5861B /* Homepwner.xcdatamodeld in Sources */ = {isa = PBXBuildFile; fileRef = 10571C771FE19A6D00D5861B /* Homepwner.xcdatamodeld */; };
		10571C7D1FE19BD600D5861B /* BNRImageTransformer.m in Sources */ = {isa = PBXBuildFile; fileRef = 10571C7C1FE19BD600D5861B /* BNRImageTransformer.m */; };
		10571C831FE1A7CA00D5861B /* BNRItem.m in Sources */ = {isa = PBXBuildFile; fileRef = 10571C811FE1A7CA00D5861B /* BNRItem.m */; };
		10571C891FE1D08D00D5861B /* BNRAssetTypeViewController.m in Sources */ = {isa = PBXBuildFile; fileRef = 10571C881FE1D08D00D5861B /* BNRAssetTypeViewController.m */; };
		1059AB8F1FD9CBA800448096 /* BNRItemCell.m in Sources */ = {isa = PBXBuildFile; fileRef = 1059AB8E1FD9CBA800448096 /* BNRItemCell.m */; };
		1059AB911FD9CBDA00448096 /* BNRItemCell.xib in Resources */ = {isa = PBXBuildFile; fileRef = 1059AB901FD9CBDA00448096 /* BNRItemCell.xib */; };
		1070F50A20111AAE00A3CDDB /* Settings.bundle in Resources */ = {isa = PBXBuildFile; fileRef = 1070F50920111AAE00A3CDDB /* Settings.bundle */; };
		108093081FC96FA000C997FB /* BNRAppDelegate.m in Sources */ = {isa = PBXBuildFile; fileRef = 108093071FC96FA000C997FB /* BNRAppDelegate.m */; };
		108093101FC96FA000C997FB /* Assets.xcassets in Resources */ = {isa = PBXBuildFile; fileRef = 1080930F1FC96FA000C997FB /* Assets.xcassets */; };
		108093161FC96FA000C997FB /* main.m in Sources */ = {isa = PBXBuildFile; fileRef = 108093151FC96FA000C997FB /* main.m */; };
		1080931F1FC9702700C997FB /* BNRItemsViewController.m in Sources */ = {isa = PBXBuildFile; fileRef = 1080931E1FC9702700C997FB /* BNRItemsViewController.m */; };
		108093251FC9D09D00C997FB /* BNRItemStore.m in Sources */ = {isa = PBXBuildFile; fileRef = 108093241FC9D09D00C997FB /* BNRItemStore.m */; };
		10B63E001FCEEFCA0070A189 /* BNRDetailViewController.m in Sources */ = {isa = PBXBuildFile; fileRef = 10B63DFF1FCEEFCA0070A189 /* BNRDetailViewController.m */; };
/* End PBXBuildFile section */

/* Begin PBXFileReference section */
		101183C81FD0810600A14C3C /* BNRImageStore.h */ = {isa = PBXFileReference; lastKnownFileType = sourcecode.c.h; path = BNRImageStore.h; sourceTree = "<group>"; };
		101183C91FD0810600A14C3C /* BNRImageStore.m */ = {isa = PBXFileReference; lastKnownFileType = sourcecode.c.objc; path = BNRImageStore.m; sourceTree = "<group>"; };
		101FE18F1FE58AC200D4F3D4 /* Base */ = {isa = PBXFileReference; lastKnownFileType = file.xib; name = Base; path = Base.lproj/BNRDetailViewController.xib; sourceTree = "<group>"; };
		101FE1911FE58AD500D4F3D4 /* es */ = {isa = PBXFileReference; lastKnownFileType = text.plist.strings; name = es; path = es.lproj/BNRDetailViewController.strings; sourceTree = "<group>"; };
		101FE1951FE5AC3400D4F3D4 /* es */ = {isa = PBXFileReference; lastKnownFileType = text.plist.strings; name = es; path = es.lproj/Localizable.strings; sourceTree = "<group>"; };
		101FE1981FE5AD4900D4F3D4 /* Base */ = {isa = PBXFileReference; lastKnownFileType = text.plist.strings; name = Base; path = Base.lproj/Localizable.strings; sourceTree = "<group>"; };
		10532C6C1FDAC7A500F18715 /* BNRImageViewController.h */ = {isa = PBXFileReference; lastKnownFileType = sourcecode.c.h; path = BNRImageViewController.h; sourceTree = "<group>"; };
		10532C6D1FDAC7A500F18715 /* BNRImageViewController.m */ = {isa = PBXFileReference; lastKnownFileType = sourcecode.c.objc; path = BNRImageViewController.m; sourceTree = "<group>"; };
		10571C781FE19A6D00D5861B /* Homepwner.xcdatamodel */ = {isa = PBXFileReference; lastKnownFileType = wrapper.xcdatamodel; path = Homepwner.xcdatamodel; sourceTree = "<group>"; };
		10571C7B1FE19BD600D5861B /* BNRImageTransformer.h */ = {isa = PBXFileReference; lastKnownFileType = sourcecode.c.h; path = BNRImageTransformer.h; sourceTree = "<group>"; };
		10571C7C1FE19BD600D5861B /* BNRImageTransformer.m */ = {isa = PBXFileReference; lastKnownFileType = sourcecode.c.objc; path = BNRImageTransformer.m; sourceTree = "<group>"; };
		10571C7E1FE1A7CA00D5861B /* BNRItem.h */ = {isa = PBXFileReference; lastKnownFileType = sourcecode.c.h; path = BNRItem.h; sourceTree = "<group>"; };
		10571C811FE1A7CA00D5861B /* BNRItem.m */ = {isa = PBXFileReference; lastKnownFileType = sourcecode.c.objc; path = BNRItem.m; sourceTree = "<group>"; };
		10571C871FE1D08D00D5861B /* BNRAssetTypeViewController.h */ = {isa = PBXFileReference; lastKnownFileType = sourcecode.c.h; path = BNRAssetTypeViewController.h; sourceTree = "<group>"; };
		10571C881FE1D08D00D5861B /* BNRAssetTypeViewController.m */ = {isa = PBXFileReference; lastKnownFileType = sourcecode.c.objc; path = BNRAssetTypeViewController.m; sourceTree = "<group>"; };
		1059AB8D1FD9CBA800448096 /* BNRItemCell.h */ = {isa = PBXFileReference; lastKnownFileType = sourcecode.c.h; name = BNRItemCell.h; path = Homepwner/View/BNRItemCell.h; sourceTree = SOURCE_ROOT; };
		1059AB8E1FD9CBA800448096 /* BNRItemCell.m */ = {isa = PBXFileReference; lastKnownFileType = sourcecode.c.objc; name = BNRItemCell.m; path = Homepwner/View/BNRItemCell.m; sourceTree = SOURCE_ROOT; };
		1059AB901FD9CBDA00448096 /* BNRItemCell.xib */ = {isa = PBXFileReference; lastKnownFileType = file.xib; path = BNRItemCell.xib; sourceTree = "<group>"; };
		105AABCF1FCEE7AB00363018 /* BNRDetailViewController.h */ = {isa = PBXFileReference; lastKnownFileType = sourcecode.c.h; path = BNRDetailViewController.h; sourceTree = "<group>"; };
		1070F50920111AAE00A3CDDB /* Settings.bundle */ = {isa = PBXFileReference; lastKnownFileType = "wrapper.plug-in"; path = Settings.bundle; sourceTree = "<group>"; };
		108093031FC96FA000C997FB /* Homepwner.app */ = {isa = PBXFileReference; explicitFileType = wrapper.application; includeInIndex = 0; path = Homepwner.app; sourceTree = BUILT_PRODUCTS_DIR; };
		108093061FC96FA000C997FB /* BNRAppDelegate.h */ = {isa = PBXFileReference; lastKnownFileType = sourcecode.c.h; path = BNRAppDelegate.h; sourceTree = "<group>"; };
		108093071FC96FA000C997FB /* BNRAppDelegate.m */ = {isa = PBXFileReference; lastKnownFileType = sourcecode.c.objc; path = BNRAppDelegate.m; sourceTree = "<group>"; };
		1080930F1FC96FA000C997FB /* Assets.xcassets */ = {isa = PBXFileReference; lastKnownFileType = folder.assetcatalog; path = Assets.xcassets; sourceTree = "<group>"; };
		108093141FC96FA000C997FB /* Info.plist */ = {isa = PBXFileReference; lastKnownFileType = text.plist.xml; path = Info.plist; sourceTree = "<group>"; };
		108093151FC96FA000C997FB /* main.m */ = {isa = PBXFileReference; lastKnownFileType = sourcecode.c.objc; path = main.m; sourceTree = "<group>"; };
		1080931D1FC9702700C997FB /* BNRItemsViewController.h */ = {isa = PBXFileReference; lastKnownFileType = sourcecode.c.h; path = BNRItemsViewController.h; sourceTree = "<group>"; };
		1080931E1FC9702700C997FB /* BNRItemsViewController.m */ = {isa = PBXFileReference; lastKnownFileType = sourcecode.c.objc; path = BNRItemsViewController.m; sourceTree = "<group>"; };
		108093231FC9D09D00C997FB /* BNRItemStore.h */ = {isa = PBXFileReference; lastKnownFileType = sourcecode.c.h; path = BNRItemStore.h; sourceTree = "<group>"; };
		108093241FC9D09D00C997FB /* BNRItemStore.m */ = {isa = PBXFileReference; lastKnownFileType = sourcecode.c.objc; path = BNRItemStore.m; sourceTree = "<group>"; };
		10B63DFF1FCEEFCA0070A189 /* BNRDetailViewController.m */ = {isa = PBXFileReference; fileEncoding = 4; lastKnownFileType = sourcecode.c.objc; path = BNRDetailViewController.m; sourceTree = "<group>"; };
/* End PBXFileReference section */

/* Begin PBXFrameworksBuildPhase section */
		108093001FC96FA000C997FB /* Frameworks */ = {
			isa = PBXFrameworksBuildPhase;
			buildActionMask = 2147483647;
			files = (
			);
			runOnlyForDeploymentPostprocessing = 0;
		};
/* End PBXFrameworksBuildPhase section */

/* Begin PBXGroup section */
		10571C7A1FE19B9F00D5861B /* Model-Helpers */ = {
			isa = PBXGroup;
			children = (
				10571C7B1FE19BD600D5861B /* BNRImageTransformer.h */,
				10571C7C1FE19BD600D5861B /* BNRImageTransformer.m */,
			);
			path = "Model-Helpers";
			sourceTree = "<group>";
		};
		105AABD41FCEE7C700363018 /* View */ = {
			isa = PBXGroup;
			children = (
				1059AB8D1FD9CBA800448096 /* BNRItemCell.h */,
				1059AB8E1FD9CBA800448096 /* BNRItemCell.m */,
				1059AB901FD9CBDA00448096 /* BNRItemCell.xib */,
				101FE1901FE58AC200D4F3D4 /* BNRDetailViewController.xib */,
			);
			path = View;
			sourceTree = "<group>";
		};
		1070F561201174E700A3CDDB /* Supporting Files */ = {
			isa = PBXGroup;
			children = (
				1080930F1FC96FA000C997FB /* Assets.xcassets */,
				108093141FC96FA000C997FB /* Info.plist */,
				108093151FC96FA000C997FB /* main.m */,
			);
			path = "Supporting Files";
			sourceTree = "<group>";
		};
		108092FA1FC96FA000C997FB = {
			isa = PBXGroup;
			children = (
				108093051FC96FA000C997FB /* Homepwner */,
				108093041FC96FA000C997FB /* Products */,
			);
			sourceTree = "<group>";
		};
		108093041FC96FA000C997FB /* Products */ = {
			isa = PBXGroup;
			children = (
				108093031FC96FA000C997FB /* Homepwner.app */,
			);
			name = Products;
			sourceTree = "<group>";
		};
		108093051FC96FA000C997FB /* Homepwner */ = {
			isa = PBXGroup;
			children = (
				101FE1961FE5AC3400D4F3D4 /* Localizable.strings */,
				1070F561201174E700A3CDDB /* Supporting Files */,
				1070F50920111AAE00A3CDDB /* Settings.bundle */,
				108093281FC9D0E000C997FB /* Controller */,
				108093261FC9D0AA00C997FB /* Model */,
				105AABD41FCEE7C700363018 /* View */,
			);
			path = Homepwner;
			sourceTree = "<group>";
		};
		108093261FC9D0AA00C997FB /* Model */ = {
			isa = PBXGroup;
			children = (
				101183C81FD0810600A14C3C /* BNRImageStore.h */,
				101183C91FD0810600A14C3C /* BNRImageStore.m */,
				10571C7E1FE1A7CA00D5861B /* BNRItem.h */,
				10571C811FE1A7CA00D5861B /* BNRItem.m */,
				108093231FC9D09D00C997FB /* BNRItemStore.h */,
				108093241FC9D09D00C997FB /* BNRItemStore.m */,
				10571C771FE19A6D00D5861B /* Homepwner.xcdatamodeld */,
				10571C7A1FE19B9F00D5861B /* Model-Helpers */,
			);
			path = Model;
			sourceTree = "<group>";
		};
		108093281FC9D0E000C997FB /* Controller */ = {
			isa = PBXGroup;
			children = (
				108093061FC96FA000C997FB /* BNRAppDelegate.h */,
				108093071FC96FA000C997FB /* BNRAppDelegate.m */,
				10571C871FE1D08D00D5861B /* BNRAssetTypeViewController.h */,
				10571C881FE1D08D00D5861B /* BNRAssetTypeViewController.m */,
				105AABCF1FCEE7AB00363018 /* BNRDetailViewController.h */,
				10B63DFF1FCEEFCA0070A189 /* BNRDetailViewController.m */,
				10532C6C1FDAC7A500F18715 /* BNRImageViewController.h */,
				10532C6D1FDAC7A500F18715 /* BNRImageViewController.m */,
				1080931D1FC9702700C997FB /* BNRItemsViewController.h */,
				1080931E1FC9702700C997FB /* BNRItemsViewController.m */,
			);
			path = Controller;
			sourceTree = "<group>";
		};
/* End PBXGroup section */

/* Begin PBXNativeTarget section */
		108093021FC96FA000C997FB /* Homepwner */ = {
			isa = PBXNativeTarget;
			buildConfigurationList = 108093191FC96FA000C997FB /* Build configuration list for PBXNativeTarget "Homepwner" */;
			buildPhases = (
				108092FF1FC96FA000C997FB /* Sources */,
				108093001FC96FA000C997FB /* Frameworks */,
				108093011FC96FA000C997FB /* Resources */,
			);
			buildRules = (
			);
			dependencies = (
			);
			name = Homepwner;
			productName = Homepwner;
			productReference = 108093031FC96FA000C997FB /* Homepwner.app */;
			productType = "com.apple.product-type.application";
		};
/* End PBXNativeTarget section */

/* Begin PBXProject section */
		108092FB1FC96FA000C997FB /* Project object */ = {
			isa = PBXProject;
			attributes = {
				LastUpgradeCheck = 0910;
				ORGANIZATIONNAME = "Lieu Vu";
				TargetAttributes = {
					108093021FC96FA000C997FB = {
						CreatedOnToolsVersion = 9.1;
						ProvisioningStyle = Automatic;
					};
				};
			};
			buildConfigurationList = 108092FE1FC96FA000C997FB /* Build configuration list for PBXProject "Homepwner" */;
			compatibilityVersion = "Xcode 8.0";
			developmentRegion = en;
			hasScannedForEncodings = 0;
			knownRegions = (
				en,
				Base,
			);
			mainGroup = 108092FA1FC96FA000C997FB;
			productRefGroup = 108093041FC96FA000C997FB /* Products */;
			projectDirPath = "";
			projectRoot = "";
			targets = (
				108093021FC96FA000C997FB /* Homepwner */,
			);
		};
/* End PBXProject section */

/* Begin PBXResourcesBuildPhase section */
		108093011FC96FA000C997FB /* Resources */ = {
			isa = PBXResourcesBuildPhase;
			buildActionMask = 2147483647;
			files = (
				101FE18E1FE58AC200D4F3D4 /* BNRDetailViewController.xib in Resources */,
				101FE1941FE5AC3400D4F3D4 /* Localizable.strings in Resources */,
				1070F50A20111AAE00A3CDDB /* Settings.bundle in Resources */,
				1059AB911FD9CBDA00448096 /* BNRItemCell.xib in Resources */,
				108093101FC96FA000C997FB /* Assets.xcassets in Resources */,
			);
			runOnlyForDeploymentPostprocessing = 0;
		};
/* End PBXResourcesBuildPhase section */

/* Begin PBXSourcesBuildPhase section */
		108092FF1FC96FA000C997FB /* Sources */ = {
			isa = PBXSourcesBuildPhase;
			buildActionMask = 2147483647;
			files = (
				10B63E001FCEEFCA0070A189 /* BNRDetailViewController.m in Sources */,
				1059AB8F1FD9CBA800448096 /* BNRItemCell.m in Sources */,
				10571C891FE1D08D00D5861B /* BNRAssetTypeViewController.m in Sources */,
				10532C6E1FDAC7A500F18715 /* BNRImageViewController.m in Sources */,
				108093161FC96FA000C997FB /* main.m in Sources */,
				101183CA1FD0810600A14C3C /* BNRImageStore.m in Sources */,
				1080931F1FC9702700C997FB /* BNRItemsViewController.m in Sources */,
				108093081FC96FA000C997FB /* BNRAppDelegate.m in Sources */,
				10571C831FE1A7CA00D5861B /* BNRItem.m in Sources */,
				108093251FC9D09D00C997FB /* BNRItemStore.m in Sources */,
				10571C791FE19A6D00D5861B /* Homepwner.xcdatamodeld in Sources */,
				10571C7D1FE19BD600D5861B /* BNRImageTransformer.m in Sources */,
			);
			runOnlyForDeploymentPostprocessing = 0;
		};
/* End PBXSourcesBuildPhase section */

/* Begin PBXVariantGroup section */
		101FE1901FE58AC200D4F3D4 /* BNRDetailViewController.xib */ = {
			isa = PBXVariantGroup;
			children = (
				101FE18F1FE58AC200D4F3D4 /* Base */,
				101FE1911FE58AD500D4F3D4 /* es */,
			);
			name = BNRDetailViewController.xib;
			sourceTree = "<group>";
		};
		101FE1961FE5AC3400D4F3D4 /* Localizable.strings */ = {
			isa = PBXVariantGroup;
			children = (
				101FE1951FE5AC3400D4F3D4 /* es */,
				101FE1981FE5AD4900D4F3D4 /* Base */,
			);
			name = Localizable.strings;
			sourceTree = "<group>";
		};
/* End PBXVariantGroup section */

/* Begin XCBuildConfiguration section */
		108093171FC96FA000C997FB /* Debug */ = {
			isa = XCBuildConfiguration;
			buildSettings = {
				ALWAYS_SEARCH_USER_PATHS = NO;
				CLANG_ANALYZER_LOCALIZABILITY_NONLOCALIZED = YES;
				CLANG_ANALYZER_NONNULL = YES;
				CLANG_ANALYZER_NUMBER_OBJECT_CONVERSION = YES_AGGRESSIVE;
				CLANG_CXX_LANGUAGE_STANDARD = "gnu++14";
				CLANG_CXX_LIBRARY = "libc++";
				CLANG_ENABLE_MODULES = YES;
				CLANG_ENABLE_OBJC_ARC = YES;
				CLANG_WARN_BLOCK_CAPTURE_AUTORELEASING = YES;
				CLANG_WARN_BOOL_CONVERSION = YES;
				CLANG_WARN_COMMA = YES;
				CLANG_WARN_CONSTANT_CONVERSION = YES;
				CLANG_WARN_DIRECT_OBJC_ISA_USAGE = YES_ERROR;
				CLANG_WARN_DOCUMENTATION_COMMENTS = YES;
				CLANG_WARN_EMPTY_BODY = YES;
				CLANG_WARN_ENUM_CONVERSION = YES;
				CLANG_WARN_INFINITE_RECURSION = YES;
				CLANG_WARN_INT_CONVERSION = YES;
				CLANG_WARN_NON_LITERAL_NULL_CONVERSION = YES;
				CLANG_WARN_OBJC_LITERAL_CONVERSION = YES;
				CLANG_WARN_OBJC_ROOT_CLASS = YES_ERROR;
				CLANG_WARN_RANGE_LOOP_ANALYSIS = YES;
				CLANG_WARN_STRICT_PROTOTYPES = YES;
				CLANG_WARN_SUSPICIOUS_MOVE = YES;
				CLANG_WARN_UNGUARDED_AVAILABILITY = YES_AGGRESSIVE;
				CLANG_WARN_UNREACHABLE_CODE = YES;
				CLANG_WARN__DUPLICATE_METHOD_MATCH = YES;
				CODE_SIGN_IDENTITY = "iPhone Developer";
				COPY_PHASE_STRIP = NO;
				DEBUG_INFORMATION_FORMAT = dwarf;
				ENABLE_STRICT_OBJC_MSGSEND = YES;
				ENABLE_TESTABILITY = YES;
				GCC_C_LANGUAGE_STANDARD = gnu11;
				GCC_DYNAMIC_NO_PIC = NO;
				GCC_NO_COMMON_BLOCKS = YES;
				GCC_OPTIMIZATION_LEVEL = 0;
				GCC_PREPROCESSOR_DEFINITIONS = (
					"DEBUG=1",
					"$(inherited)",
				);
				GCC_WARN_64_TO_32_BIT_CONVERSION = YES;
				GCC_WARN_ABOUT_RETURN_TYPE = YES_ERROR;
				GCC_WARN_UNDECLARED_SELECTOR = YES;
				GCC_WARN_UNINITIALIZED_AUTOS = YES_AGGRESSIVE;
				GCC_WARN_UNUSED_FUNCTION = YES;
				GCC_WARN_UNUSED_VARIABLE = YES;
				IPHONEOS_DEPLOYMENT_TARGET = 10.3;
				MTL_ENABLE_DEBUG_INFO = YES;
				ONLY_ACTIVE_ARCH = YES;
				SDKROOT = iphoneos;
			};
			name = Debug;
		};
		108093181FC96FA000C997FB /* Release */ = {
			isa = XCBuildConfiguration;
			buildSettings = {
				ALWAYS_SEARCH_USER_PATHS = NO;
				CLANG_ANALYZER_LOCALIZABILITY_NONLOCALIZED = YES;
				CLANG_ANALYZER_NONNULL = YES;
				CLANG_ANALYZER_NUMBER_OBJECT_CONVERSION = YES_AGGRESSIVE;
				CLANG_CXX_LANGUAGE_STANDARD = "gnu++14";
				CLANG_CXX_LIBRARY = "libc++";
				CLANG_ENABLE_MODULES = YES;
				CLANG_ENABLE_OBJC_ARC = YES;
				CLANG_WARN_BLOCK_CAPTURE_AUTORELEASING = YES;
				CLANG_WARN_BOOL_CONVERSION = YES;
				CLANG_WARN_COMMA = YES;
				CLANG_WARN_CONSTANT_CONVERSION = YES;
				CLANG_WARN_DIRECT_OBJC_ISA_USAGE = YES_ERROR;
				CLANG_WARN_DOCUMENTATION_COMMENTS = YES;
				CLANG_WARN_EMPTY_BODY = YES;
				CLANG_WARN_ENUM_CONVERSION = YES;
				CLANG_WARN_INFINITE_RECURSION = YES;
				CLANG_WARN_INT_CONVERSION = YES;
				CLANG_WARN_NON_LITERAL_NULL_CONVERSION = YES;
				CLANG_WARN_OBJC_LITERAL_CONVERSION = YES;
				CLANG_WARN_OBJC_ROOT_CLASS = YES_ERROR;
				CLANG_WARN_RANGE_LOOP_ANALYSIS = YES;
				CLANG_WARN_STRICT_PROTOTYPES = YES;
				CLANG_WARN_SUSPICIOUS_MOVE = YES;
				CLANG_WARN_UNGUARDED_AVAILABILITY = YES_AGGRESSIVE;
				CLANG_WARN_UNREACHABLE_CODE = YES;
				CLANG_WARN__DUPLICATE_METHOD_MATCH = YES;
				CODE_SIGN_IDENTITY = "iPhone Developer";
				COPY_PHASE_STRIP = NO;
				DEBUG_INFORMATION_FORMAT = "dwarf-with-dsym";
				ENABLE_NS_ASSERTIONS = NO;
				ENABLE_STRICT_OBJC_MSGSEND = YES;
				GCC_C_LANGUAGE_STANDARD = gnu11;
				GCC_NO_COMMON_BLOCKS = YES;
				GCC_WARN_64_TO_32_BIT_CONVERSION = YES;
				GCC_WARN_ABOUT_RETURN_TYPE = YES_ERROR;
				GCC_WARN_UNDECLARED_SELECTOR = YES;
				GCC_WARN_UNINITIALIZED_AUTOS = YES_AGGRESSIVE;
				GCC_WARN_UNUSED_FUNCTION = YES;
				GCC_WARN_UNUSED_VARIABLE = YES;
				IPHONEOS_DEPLOYMENT_TARGET = 10.3;
				MTL_ENABLE_DEBUG_INFO = NO;
				SDKROOT = iphoneos;
				VALIDATE_PRODUCT = YES;
			};
			name = Release;
		};
		1080931A1FC96FA000C997FB /* Debug */ = {
			isa = XCBuildConfiguration;
			buildSettings = {
				ASSETCATALOG_COMPILER_APPICON_NAME = AppIcon;
				CODE_SIGN_STYLE = Automatic;
				DEVELOPMENT_TEAM = Z6PY3VJJ8B;
				INFOPLIST_FILE = "$(SRCROOT)/Homepwner/Supporting Files/Info.plist";
				IPHONEOS_DEPLOYMENT_TARGET = 10.3;
				LD_RUNPATH_SEARCH_PATHS = "$(inherited) @executable_path/Frameworks";
				PRODUCT_BUNDLE_IDENTIFIER = con.lieuvu.Homepwner;
				PRODUCT_NAME = "$(TARGET_NAME)";
				TARGETED_DEVICE_FAMILY = "1,2";
			};
			name = Debug;
		};
		1080931B1FC96FA000C997FB /* Release */ = {
			isa = XCBuildConfiguration;
			buildSettings = {
				ASSETCATALOG_COMPILER_APPICON_NAME = AppIcon;
				CODE_SIGN_STYLE = Automatic;
				DEVELOPMENT_TEAM = Z6PY3VJJ8B;
				INFOPLIST_FILE = "$(SRCROOT)/Homepwner/Supporting Files/Info.plist";
				IPHONEOS_DEPLOYMENT_TARGET = 10.3;
				LD_RUNPATH_SEARCH_PATHS = "$(inherited) @executable_path/Frameworks";
				PRODUCT_BUNDLE_IDENTIFIER = con.lieuvu.Homepwner;
				PRODUCT_NAME = "$(TARGET_NAME)";
				TARGETED_DEVICE_FAMILY = "1,2";
			};
			name = Release;
		};
/* End XCBuildConfiguration section */

/* Begin XCConfigurationList section */
		108092FE1FC96FA000C997FB /* Build configuration list for PBXProject "Homepwner" */ = {
			isa = XCConfigurationList;
			buildConfigurations = (
				108093171FC96FA000C997FB /* Debug */,
				108093181FC96FA000C997FB /* Release */,
			);
			defaultConfigurationIsVisible = 0;
			defaultConfigurationName = Release;
		};
		108093191FC96FA000C997FB /* Build configuration list for PBXNativeTarget "Homepwner" */ = {
			isa = XCConfigurationList;
			buildConfigurations = (
				1080931A1FC96FA000C997FB /* Debug */,
				1080931B1FC96FA000C997FB /* Release */,
			);
			defaultConfigurationIsVisible = 0;
			defaultConfigurationName = Release;
		};
/* End XCConfigurationList section */

/* Begin XCVersionGroup section */
		10571C771FE19A6D00D5861B /* Homepwner.xcdatamodeld */ = {
			isa = XCVersionGroup;
			children = (
				10571C781FE19A6D00D5861B /* Homepwner.xcdatamodel */,
			);
			currentVersion = 10571C781FE19A6D00D5861B /* Homepwner.xcdatamodel */;
			path = Homepwner.xcdatamodeld;
			sourceTree = "<group>";
			versionGroupType = wrapper.xcdatamodel;
		};
/* End XCVersionGroup section */
	};
	rootObject = 108092FB1FC96FA000C997FB /* Project object */;
}
